
Microsoft Visual Studio Solution File, Format Version 12.00
# Visual Studio Version 17
VisualStudioVersion = 17.8.34408.163
MinimumVisualStudioVersion = 10.0.40219.1
Project("{FAE04EC0-301F-11D3-BF4B-00C04F79EFBC}") = "CaseAPI", "CaseAPI\CaseAPI.csproj", "{8938F945-D2BC-49A7-B52D-F27C7D227F17}"
EndProject
Global
	GlobalSection(SolutionConfigurationPlatforms) = preSolution
		Debug|Any CPU = Debug|Any CPU
		Release|Any CPU = Release|Any CPU
	EndGlobalSection
	GlobalSection(ProjectConfigurationPlatforms) = postSolution
		{8938F945-D2BC-49A7-B52D-F27C7D227F17}.Debug|Any CPU.ActiveCfg = Debug|Any CPU
		{8938F945-D2BC-49A7-B52D-F27C7D227F17}.Debug|Any CPU.Build.0 = Debug|Any CPU
		{8938F945-D2BC-49A7-B52D-F27C7D227F17}.Release|Any CPU.ActiveCfg = Release|Any CPU
		{8938F945-D2BC-49A7-B52D-F27C7D227F17}.Release|Any CPU.Build.0 = Release|Any CPU
	EndGlobalSection
	GlobalSection(SolutionProperties) = preSolution
		HideSolutionNode = FALSE
	EndGlobalSection
	GlobalSection(ExtensibilityGlobals) = postSolution
		SolutionGuid = {ACB71443-DDC6-46A1-BB66-FA511C8562AB}
	EndGlobalSection
EndGlobal
